
Microsoft Visual Studio Solution File, Format Version 12.00
# Visual Studio 2013
VisualStudioVersion = 12.0.30501.0
MinimumVisualStudioVersion = 10.0.40219.1
Project("{8BC9CEB8-8B4A-11D0-8D11-00A0C91BC942}") = "ccycles", "cycles\ccycles\ccycles.vcxproj", "{060A4659-C327-4867-AAD8-E80C94DD1427}"
	ProjectSection(ProjectDependencies) = postProject
		{1D140D1B-FC62-4EC7-8517-E6F7A1009EDC} = {1D140D1B-FC62-4EC7-8517-E6F7A1009EDC}
		{21E36630-F24B-44D0-BF8B-76B20EB8E92B} = {21E36630-F24B-44D0-BF8B-76B20EB8E92B}
		{FE779E4B-3450-4897-B8E8-0156F0B9B2E1} = {FE779E4B-3450-4897-B8E8-0156F0B9B2E1}
		{3BDF676F-036E-4D43-9977-BF9C2BC0BBD2} = {3BDF676F-036E-4D43-9977-BF9C2BC0BBD2}
		{1F63EB7F-7A6E-49FA-AB49-52A5E66DCB8D} = {1F63EB7F-7A6E-49FA-AB49-52A5E66DCB8D}
		{5BD48EC5-78D3-445E-B9CB-55A22E590EDE} = {5BD48EC5-78D3-445E-B9CB-55A22E590EDE}
		{D4BB57D0-8C57-4EFD-89C8-C3381818EFA7} = {D4BB57D0-8C57-4EFD-89C8-C3381818EFA7}
		{1298F8E0-803D-4C1E-8D33-404138EAFE35} = {1298F8E0-803D-4C1E-8D33-404138EAFE35}
		{F10377EA-7257-485D-9F55-13AA4E00FCC5} = {F10377EA-7257-485D-9F55-13AA4E00FCC5}
		{B8EDEAF5-32EB-4222-8219-A02E4980E887} = {B8EDEAF5-32EB-4222-8219-A02E4980E887}
	EndProjectSection
EndProject
Project("{8BC9CEB8-8B4A-11D0-8D11-00A0C91BC942}") = "cycles_bvh", "cycles\bvh\cycles_bvh.vcxproj", "{D4BB57D0-8C57-4EFD-89C8-C3381818EFA7}"
EndProject
Project("{FAE04EC0-301F-11D3-BF4B-00C04F79EFBC}") = "csycles", "cycles\csycles\csycles.csproj", "{36396655-E087-4C00-990B-CE44F08E4FB2}"
	ProjectSection(ProjectDependencies) = postProject
		{060A4659-C327-4867-AAD8-E80C94DD1427} = {060A4659-C327-4867-AAD8-E80C94DD1427}
	EndProjectSection
EndProject
Project("{FAE04EC0-301F-11D3-BF4B-00C04F79EFBC}") = "csycles_tester", "cycles\csycles_tester\csycles_tester.csproj", "{1DE94C02-6766-4F89-B5ED-D0FE562DCE8B}"
EndProject
Project("{8BC9CEB8-8B4A-11D0-8D11-00A0C91BC942}") = "cycles_device", "cycles\device\cycles_device.vcxproj", "{F10377EA-7257-485D-9F55-13AA4E00FCC5}"
EndProject
Project("{8BC9CEB8-8B4A-11D0-8D11-00A0C91BC942}") = "cycles_kernel", "cycles\kernel\cycles_kernel.vcxproj", "{B8EDEAF5-32EB-4222-8219-A02E4980E887}"
EndProject
Project("{8BC9CEB8-8B4A-11D0-8D11-00A0C91BC942}") = "cycles_render", "cycles\render\cycles_render.vcxproj", "{FE779E4B-3450-4897-B8E8-0156F0B9B2E1}"
EndProject
Project("{8BC9CEB8-8B4A-11D0-8D11-00A0C91BC942}") = "cycles_subd", "cycles\subd\cycles_subd.vcxproj", "{21E36630-F24B-44D0-BF8B-76B20EB8E92B}"
EndProject
Project("{8BC9CEB8-8B4A-11D0-8D11-00A0C91BC942}") = "cycles_util", "cycles\util\cycles_util.vcxproj", "{3BDF676F-036E-4D43-9977-BF9C2BC0BBD2}"
EndProject
Project("{2150E333-8FDC-42A3-9474-1A3956D46DE8}") = "Boost", "Boost", "{9E2F3492-DE41-4809-8E37-6D713266E0E1}"
EndProject
Project("{2150E333-8FDC-42A3-9474-1A3956D46DE8}") = "Cycles", "Cycles", "{D0A2CE60-B545-4997-A032-A3F35B5A4208}"
EndProject
Project("{2150E333-8FDC-42A3-9474-1A3956D46DE8}") = "Dependencies", "Dependencies", "{C81B2BF2-B1D3-45E8-A9B9-CE7D52340153}"
EndProject
Project("{8BC9CEB8-8B4A-11D0-8D11-00A0C91BC942}") = "glew", "glew\glew.vcxproj", "{1298F8E0-803D-4C1E-8D33-404138EAFE35}"
EndProject
Project("{8BC9CEB8-8B4A-11D0-8D11-00A0C91BC942}") = "OpenImageIO", "OpenImageIO\OpenImageIO.vcxproj", "{5BD48EC5-78D3-445E-B9CB-55A22E590EDE}"
	ProjectSection(ProjectDependencies) = postProject
		{1D140D1B-FC62-4EC7-8517-E6F7A1009EDC} = {1D140D1B-FC62-4EC7-8517-E6F7A1009EDC}
		{E3C9A670-A7FD-41DD-8643-2716549513EA} = {E3C9A670-A7FD-41DD-8643-2716549513EA}
	EndProjectSection
EndProject
Project("{8BC9CEB8-8B4A-11D0-8D11-00A0C91BC942}") = "pthreads", "pthreads\pthreads.vcxproj", "{1F63EB7F-7A6E-49FA-AB49-52A5E66DCB8D}"
EndProject
Project("{8BC9CEB8-8B4A-11D0-8D11-00A0C91BC942}") = "boost", "..\..\..\..\boost_1_55_0\boost.vcxproj", "{1D140D1B-FC62-4EC7-8517-E6F7A1009EDC}"
EndProject
Project("{8BC9CEB8-8B4A-11D0-8D11-00A0C91BC942}") = "Half", "..\OpenEXR\Half\Half.vcxproj", "{E3C9A670-A7FD-41DD-8643-2716549513EA}"
EndProject
Project("{8BC9CEB8-8B4A-11D0-8D11-00A0C91BC942}") = "cuew", "cuew\cuew.vcxproj", "{92EB6D16-E6F5-47B7-928F-6BE64BA1B944}"
EndProject
Project("{8BC9CEB8-8B4A-11D0-8D11-00A0C91BC942}") = "clew", "clew\clew.vcxproj", "{B8C1A4CB-6207-49F7-BA7D-D8B5AF75F965}"
EndProject
Project("{2150E333-8FDC-42A3-9474-1A3956D46DE8}") = "Solution Items", "Solution Items", "{17264D20-B853-4135-935D-07DAEDF62B63}"
	ProjectSection(SolutionItems) = preProject
		README.md = README.md
	EndProjectSection
EndProject
Global
	GlobalSection(SolutionConfigurationPlatforms) = preSolution
		Debug|Any CPU = Debug|Any CPU
		Debug|Mixed Platforms = Debug|Mixed Platforms
		Debug|Win32 = Debug|Win32
		Debug|x64 = Debug|x64
		PseudoDebug|Any CPU = PseudoDebug|Any CPU
		PseudoDebug|Mixed Platforms = PseudoDebug|Mixed Platforms
		PseudoDebug|Win32 = PseudoDebug|Win32
		PseudoDebug|x64 = PseudoDebug|x64
		Release|Any CPU = Release|Any CPU
		Release|Mixed Platforms = Release|Mixed Platforms
		Release|Win32 = Release|Win32
		Release|x64 = Release|x64
	EndGlobalSection
	GlobalSection(ProjectConfigurationPlatforms) = postSolution
		{060A4659-C327-4867-AAD8-E80C94DD1427}.Debug|Any CPU.ActiveCfg = Debug|Win32
		{060A4659-C327-4867-AAD8-E80C94DD1427}.Debug|Mixed Platforms.ActiveCfg = Debug|Win32
		{060A4659-C327-4867-AAD8-E80C94DD1427}.Debug|Mixed Platforms.Build.0 = Debug|Win32
		{060A4659-C327-4867-AAD8-E80C94DD1427}.Debug|Win32.ActiveCfg = Debug|Win32
		{060A4659-C327-4867-AAD8-E80C94DD1427}.Debug|Win32.Build.0 = Debug|Win32
		{060A4659-C327-4867-AAD8-E80C94DD1427}.Debug|x64.ActiveCfg = Debug|x64
		{060A4659-C327-4867-AAD8-E80C94DD1427}.Debug|x64.Build.0 = Debug|x64
		{060A4659-C327-4867-AAD8-E80C94DD1427}.PseudoDebug|Any CPU.ActiveCfg = Debug|Win32
		{060A4659-C327-4867-AAD8-E80C94DD1427}.PseudoDebug|Mixed Platforms.ActiveCfg = Debug|Win32
		{060A4659-C327-4867-AAD8-E80C94DD1427}.PseudoDebug|Mixed Platforms.Build.0 = Debug|Win32
		{060A4659-C327-4867-AAD8-E80C94DD1427}.PseudoDebug|Win32.ActiveCfg = Debug|Win32
		{060A4659-C327-4867-AAD8-E80C94DD1427}.PseudoDebug|Win32.Build.0 = Debug|Win32
		{060A4659-C327-4867-AAD8-E80C94DD1427}.PseudoDebug|x64.ActiveCfg = Debug|x64
		{060A4659-C327-4867-AAD8-E80C94DD1427}.PseudoDebug|x64.Build.0 = Debug|x64
		{060A4659-C327-4867-AAD8-E80C94DD1427}.Release|Any CPU.ActiveCfg = Release|Win32
		{060A4659-C327-4867-AAD8-E80C94DD1427}.Release|Mixed Platforms.ActiveCfg = Release|Win32
		{060A4659-C327-4867-AAD8-E80C94DD1427}.Release|Mixed Platforms.Build.0 = Release|Win32
		{060A4659-C327-4867-AAD8-E80C94DD1427}.Release|Win32.ActiveCfg = Release|Win32
		{060A4659-C327-4867-AAD8-E80C94DD1427}.Release|Win32.Build.0 = Release|Win32
		{060A4659-C327-4867-AAD8-E80C94DD1427}.Release|x64.ActiveCfg = Release|x64
		{060A4659-C327-4867-AAD8-E80C94DD1427}.Release|x64.Build.0 = Release|x64
		{D4BB57D0-8C57-4EFD-89C8-C3381818EFA7}.Debug|Any CPU.ActiveCfg = Debug|Win32
		{D4BB57D0-8C57-4EFD-89C8-C3381818EFA7}.Debug|Mixed Platforms.ActiveCfg = Debug|Win32
		{D4BB57D0-8C57-4EFD-89C8-C3381818EFA7}.Debug|Mixed Platforms.Build.0 = Debug|Win32
		{D4BB57D0-8C57-4EFD-89C8-C3381818EFA7}.Debug|Win32.ActiveCfg = Debug|Win32
		{D4BB57D0-8C57-4EFD-89C8-C3381818EFA7}.Debug|Win32.Build.0 = Debug|Win32
		{D4BB57D0-8C57-4EFD-89C8-C3381818EFA7}.Debug|x64.ActiveCfg = Debug|x64
		{D4BB57D0-8C57-4EFD-89C8-C3381818EFA7}.Debug|x64.Build.0 = Debug|x64
		{D4BB57D0-8C57-4EFD-89C8-C3381818EFA7}.PseudoDebug|Any CPU.ActiveCfg = PseudoDebug|Win32
		{D4BB57D0-8C57-4EFD-89C8-C3381818EFA7}.PseudoDebug|Mixed Platforms.ActiveCfg = PseudoDebug|Win32
		{D4BB57D0-8C57-4EFD-89C8-C3381818EFA7}.PseudoDebug|Mixed Platforms.Build.0 = PseudoDebug|Win32
		{D4BB57D0-8C57-4EFD-89C8-C3381818EFA7}.PseudoDebug|Win32.ActiveCfg = PseudoDebug|Win32
		{D4BB57D0-8C57-4EFD-89C8-C3381818EFA7}.PseudoDebug|Win32.Build.0 = PseudoDebug|Win32
		{D4BB57D0-8C57-4EFD-89C8-C3381818EFA7}.PseudoDebug|x64.ActiveCfg = PseudoDebug|x64
		{D4BB57D0-8C57-4EFD-89C8-C3381818EFA7}.PseudoDebug|x64.Build.0 = PseudoDebug|x64
		{D4BB57D0-8C57-4EFD-89C8-C3381818EFA7}.Release|Any CPU.ActiveCfg = Release|Win32
		{D4BB57D0-8C57-4EFD-89C8-C3381818EFA7}.Release|Mixed Platforms.ActiveCfg = Release|Win32
		{D4BB57D0-8C57-4EFD-89C8-C3381818EFA7}.Release|Mixed Platforms.Build.0 = Release|Win32
		{D4BB57D0-8C57-4EFD-89C8-C3381818EFA7}.Release|Win32.ActiveCfg = Release|Win32
		{D4BB57D0-8C57-4EFD-89C8-C3381818EFA7}.Release|Win32.Build.0 = Release|Win32
		{D4BB57D0-8C57-4EFD-89C8-C3381818EFA7}.Release|x64.ActiveCfg = Release|x64
		{D4BB57D0-8C57-4EFD-89C8-C3381818EFA7}.Release|x64.Build.0 = Release|x64
		{36396655-E087-4C00-990B-CE44F08E4FB2}.Debug|Any CPU.ActiveCfg = Debug|Any CPU
		{36396655-E087-4C00-990B-CE44F08E4FB2}.Debug|Any CPU.Build.0 = Debug|Any CPU
		{36396655-E087-4C00-990B-CE44F08E4FB2}.Debug|Mixed Platforms.ActiveCfg = Debug|Any CPU
		{36396655-E087-4C00-990B-CE44F08E4FB2}.Debug|Mixed Platforms.Build.0 = Debug|Any CPU
		{36396655-E087-4C00-990B-CE44F08E4FB2}.Debug|Win32.ActiveCfg = Debug|Any CPU
		{36396655-E087-4C00-990B-CE44F08E4FB2}.Debug|x64.ActiveCfg = Debug|Any CPU
		{36396655-E087-4C00-990B-CE44F08E4FB2}.Debug|x64.Build.0 = Debug|Any CPU
		{36396655-E087-4C00-990B-CE44F08E4FB2}.PseudoDebug|Any CPU.ActiveCfg = Debug|Any CPU
		{36396655-E087-4C00-990B-CE44F08E4FB2}.PseudoDebug|Any CPU.Build.0 = Debug|Any CPU
		{36396655-E087-4C00-990B-CE44F08E4FB2}.PseudoDebug|Mixed Platforms.ActiveCfg = Debug|Any CPU
		{36396655-E087-4C00-990B-CE44F08E4FB2}.PseudoDebug|Mixed Platforms.Build.0 = Debug|Any CPU
		{36396655-E087-4C00-990B-CE44F08E4FB2}.PseudoDebug|Win32.ActiveCfg = Debug|Any CPU
		{36396655-E087-4C00-990B-CE44F08E4FB2}.PseudoDebug|x64.ActiveCfg = Debug|Any CPU
		{36396655-E087-4C00-990B-CE44F08E4FB2}.Release|Any CPU.ActiveCfg = Release|Any CPU
		{36396655-E087-4C00-990B-CE44F08E4FB2}.Release|Any CPU.Build.0 = Release|Any CPU
		{36396655-E087-4C00-990B-CE44F08E4FB2}.Release|Mixed Platforms.ActiveCfg = Release|Any CPU
		{36396655-E087-4C00-990B-CE44F08E4FB2}.Release|Mixed Platforms.Build.0 = Release|Any CPU
		{36396655-E087-4C00-990B-CE44F08E4FB2}.Release|Win32.ActiveCfg = Release|Any CPU
		{36396655-E087-4C00-990B-CE44F08E4FB2}.Release|x64.ActiveCfg = Release|Any CPU
		{36396655-E087-4C00-990B-CE44F08E4FB2}.Release|x64.Build.0 = Release|Any CPU
		{1DE94C02-6766-4F89-B5ED-D0FE562DCE8B}.Debug|Any CPU.ActiveCfg = Debug|Any CPU
		{1DE94C02-6766-4F89-B5ED-D0FE562DCE8B}.Debug|Any CPU.Build.0 = Debug|Any CPU
		{1DE94C02-6766-4F89-B5ED-D0FE562DCE8B}.Debug|Mixed Platforms.ActiveCfg = Debug|Any CPU
		{1DE94C02-6766-4F89-B5ED-D0FE562DCE8B}.Debug|Mixed Platforms.Build.0 = Debug|Any CPU
		{1DE94C02-6766-4F89-B5ED-D0FE562DCE8B}.Debug|Win32.ActiveCfg = Debug|Any CPU
		{1DE94C02-6766-4F89-B5ED-D0FE562DCE8B}.Debug|x64.ActiveCfg = Debug|Any CPU
		{1DE94C02-6766-4F89-B5ED-D0FE562DCE8B}.Debug|x64.Build.0 = Debug|Any CPU
		{1DE94C02-6766-4F89-B5ED-D0FE562DCE8B}.PseudoDebug|Any CPU.ActiveCfg = Debug|Any CPU
		{1DE94C02-6766-4F89-B5ED-D0FE562DCE8B}.PseudoDebug|Any CPU.Build.0 = Debug|Any CPU
		{1DE94C02-6766-4F89-B5ED-D0FE562DCE8B}.PseudoDebug|Mixed Platforms.ActiveCfg = Debug|Any CPU
		{1DE94C02-6766-4F89-B5ED-D0FE562DCE8B}.PseudoDebug|Mixed Platforms.Build.0 = Debug|Any CPU
		{1DE94C02-6766-4F89-B5ED-D0FE562DCE8B}.PseudoDebug|Win32.ActiveCfg = Debug|Any CPU
		{1DE94C02-6766-4F89-B5ED-D0FE562DCE8B}.PseudoDebug|x64.ActiveCfg = Debug|Any CPU
		{1DE94C02-6766-4F89-B5ED-D0FE562DCE8B}.Release|Any CPU.ActiveCfg = Release|Any CPU
		{1DE94C02-6766-4F89-B5ED-D0FE562DCE8B}.Release|Any CPU.Build.0 = Release|Any CPU
		{1DE94C02-6766-4F89-B5ED-D0FE562DCE8B}.Release|Mixed Platforms.ActiveCfg = Release|Any CPU
		{1DE94C02-6766-4F89-B5ED-D0FE562DCE8B}.Release|Mixed Platforms.Build.0 = Release|Any CPU
		{1DE94C02-6766-4F89-B5ED-D0FE562DCE8B}.Release|Win32.ActiveCfg = Release|Any CPU
		{1DE94C02-6766-4F89-B5ED-D0FE562DCE8B}.Release|x64.ActiveCfg = Release|Any CPU
		{1DE94C02-6766-4F89-B5ED-D0FE562DCE8B}.Release|x64.Build.0 = Release|Any CPU
		{F10377EA-7257-485D-9F55-13AA4E00FCC5}.Debug|Any CPU.ActiveCfg = Debug|Win32
		{F10377EA-7257-485D-9F55-13AA4E00FCC5}.Debug|Mixed Platforms.ActiveCfg = Debug|Win32
		{F10377EA-7257-485D-9F55-13AA4E00FCC5}.Debug|Mixed Platforms.Build.0 = Debug|Win32
		{F10377EA-7257-485D-9F55-13AA4E00FCC5}.Debug|Win32.ActiveCfg = Debug|Win32
		{F10377EA-7257-485D-9F55-13AA4E00FCC5}.Debug|Win32.Build.0 = Debug|Win32
		{F10377EA-7257-485D-9F55-13AA4E00FCC5}.Debug|x64.ActiveCfg = Debug|x64
		{F10377EA-7257-485D-9F55-13AA4E00FCC5}.Debug|x64.Build.0 = Debug|x64
		{F10377EA-7257-485D-9F55-13AA4E00FCC5}.PseudoDebug|Any CPU.ActiveCfg = PseudoDebug|Win32
		{F10377EA-7257-485D-9F55-13AA4E00FCC5}.PseudoDebug|Mixed Platforms.ActiveCfg = PseudoDebug|Win32
		{F10377EA-7257-485D-9F55-13AA4E00FCC5}.PseudoDebug|Mixed Platforms.Build.0 = PseudoDebug|Win32
		{F10377EA-7257-485D-9F55-13AA4E00FCC5}.PseudoDebug|Win32.ActiveCfg = PseudoDebug|Win32
		{F10377EA-7257-485D-9F55-13AA4E00FCC5}.PseudoDebug|Win32.Build.0 = PseudoDebug|Win32
		{F10377EA-7257-485D-9F55-13AA4E00FCC5}.PseudoDebug|x64.ActiveCfg = PseudoDebug|x64
		{F10377EA-7257-485D-9F55-13AA4E00FCC5}.PseudoDebug|x64.Build.0 = PseudoDebug|x64
		{F10377EA-7257-485D-9F55-13AA4E00FCC5}.Release|Any CPU.ActiveCfg = Release|Win32
		{F10377EA-7257-485D-9F55-13AA4E00FCC5}.Release|Mixed Platforms.ActiveCfg = Release|Win32
		{F10377EA-7257-485D-9F55-13AA4E00FCC5}.Release|Mixed Platforms.Build.0 = Release|Win32
		{F10377EA-7257-485D-9F55-13AA4E00FCC5}.Release|Win32.ActiveCfg = Release|Win32
		{F10377EA-7257-485D-9F55-13AA4E00FCC5}.Release|Win32.Build.0 = Release|Win32
		{F10377EA-7257-485D-9F55-13AA4E00FCC5}.Release|x64.ActiveCfg = Release|x64
		{F10377EA-7257-485D-9F55-13AA4E00FCC5}.Release|x64.Build.0 = Release|x64
		{B8EDEAF5-32EB-4222-8219-A02E4980E887}.Debug|Any CPU.ActiveCfg = Debug|Win32
		{B8EDEAF5-32EB-4222-8219-A02E4980E887}.Debug|Mixed Platforms.ActiveCfg = Debug|Win32
		{B8EDEAF5-32EB-4222-8219-A02E4980E887}.Debug|Mixed Platforms.Build.0 = Debug|Win32
		{B8EDEAF5-32EB-4222-8219-A02E4980E887}.Debug|Win32.ActiveCfg = Debug|Win32
		{B8EDEAF5-32EB-4222-8219-A02E4980E887}.Debug|Win32.Build.0 = Debug|Win32
		{B8EDEAF5-32EB-4222-8219-A02E4980E887}.Debug|x64.ActiveCfg = Debug|x64
		{B8EDEAF5-32EB-4222-8219-A02E4980E887}.Debug|x64.Build.0 = Debug|x64
		{B8EDEAF5-32EB-4222-8219-A02E4980E887}.PseudoDebug|Any CPU.ActiveCfg = PseudoDebug|Win32
		{B8EDEAF5-32EB-4222-8219-A02E4980E887}.PseudoDebug|Mixed Platforms.ActiveCfg = PseudoDebug|Win32
		{B8EDEAF5-32EB-4222-8219-A02E4980E887}.PseudoDebug|Mixed Platforms.Build.0 = PseudoDebug|Win32
		{B8EDEAF5-32EB-4222-8219-A02E4980E887}.PseudoDebug|Win32.ActiveCfg = PseudoDebug|Win32
		{B8EDEAF5-32EB-4222-8219-A02E4980E887}.PseudoDebug|Win32.Build.0 = PseudoDebug|Win32
		{B8EDEAF5-32EB-4222-8219-A02E4980E887}.PseudoDebug|x64.ActiveCfg = PseudoDebug|x64
		{B8EDEAF5-32EB-4222-8219-A02E4980E887}.PseudoDebug|x64.Build.0 = PseudoDebug|x64
		{B8EDEAF5-32EB-4222-8219-A02E4980E887}.Release|Any CPU.ActiveCfg = Release|Win32
		{B8EDEAF5-32EB-4222-8219-A02E4980E887}.Release|Mixed Platforms.ActiveCfg = Release|Win32
		{B8EDEAF5-32EB-4222-8219-A02E4980E887}.Release|Mixed Platforms.Build.0 = Release|Win32
		{B8EDEAF5-32EB-4222-8219-A02E4980E887}.Release|Win32.ActiveCfg = Release|Win32
		{B8EDEAF5-32EB-4222-8219-A02E4980E887}.Release|Win32.Build.0 = Release|Win32
		{B8EDEAF5-32EB-4222-8219-A02E4980E887}.Release|x64.ActiveCfg = Release|x64
		{B8EDEAF5-32EB-4222-8219-A02E4980E887}.Release|x64.Build.0 = Release|x64
		{FE779E4B-3450-4897-B8E8-0156F0B9B2E1}.Debug|Any CPU.ActiveCfg = Debug|Win32
		{FE779E4B-3450-4897-B8E8-0156F0B9B2E1}.Debug|Mixed Platforms.ActiveCfg = Debug|Win32
		{FE779E4B-3450-4897-B8E8-0156F0B9B2E1}.Debug|Mixed Platforms.Build.0 = Debug|Win32
		{FE779E4B-3450-4897-B8E8-0156F0B9B2E1}.Debug|Win32.ActiveCfg = Debug|Win32
		{FE779E4B-3450-4897-B8E8-0156F0B9B2E1}.Debug|Win32.Build.0 = Debug|Win32
		{FE779E4B-3450-4897-B8E8-0156F0B9B2E1}.Debug|x64.ActiveCfg = Debug|x64
		{FE779E4B-3450-4897-B8E8-0156F0B9B2E1}.Debug|x64.Build.0 = Debug|x64
		{FE779E4B-3450-4897-B8E8-0156F0B9B2E1}.PseudoDebug|Any CPU.ActiveCfg = PseudoDebug|Win32
		{FE779E4B-3450-4897-B8E8-0156F0B9B2E1}.PseudoDebug|Mixed Platforms.ActiveCfg = PseudoDebug|Win32
		{FE779E4B-3450-4897-B8E8-0156F0B9B2E1}.PseudoDebug|Mixed Platforms.Build.0 = PseudoDebug|Win32
		{FE779E4B-3450-4897-B8E8-0156F0B9B2E1}.PseudoDebug|Win32.ActiveCfg = PseudoDebug|Win32
		{FE779E4B-3450-4897-B8E8-0156F0B9B2E1}.PseudoDebug|Win32.Build.0 = PseudoDebug|Win32
		{FE779E4B-3450-4897-B8E8-0156F0B9B2E1}.PseudoDebug|x64.ActiveCfg = PseudoDebug|x64
		{FE779E4B-3450-4897-B8E8-0156F0B9B2E1}.PseudoDebug|x64.Build.0 = PseudoDebug|x64
		{FE779E4B-3450-4897-B8E8-0156F0B9B2E1}.Release|Any CPU.ActiveCfg = Release|Win32
		{FE779E4B-3450-4897-B8E8-0156F0B9B2E1}.Release|Mixed Platforms.ActiveCfg = Release|Win32
		{FE779E4B-3450-4897-B8E8-0156F0B9B2E1}.Release|Mixed Platforms.Build.0 = Release|Win32
		{FE779E4B-3450-4897-B8E8-0156F0B9B2E1}.Release|Win32.ActiveCfg = Release|Win32
		{FE779E4B-3450-4897-B8E8-0156F0B9B2E1}.Release|Win32.Build.0 = Release|Win32
		{FE779E4B-3450-4897-B8E8-0156F0B9B2E1}.Release|x64.ActiveCfg = Release|x64
		{FE779E4B-3450-4897-B8E8-0156F0B9B2E1}.Release|x64.Build.0 = Release|x64
		{21E36630-F24B-44D0-BF8B-76B20EB8E92B}.Debug|Any CPU.ActiveCfg = Debug|Win32
		{21E36630-F24B-44D0-BF8B-76B20EB8E92B}.Debug|Mixed Platforms.ActiveCfg = Debug|Win32
		{21E36630-F24B-44D0-BF8B-76B20EB8E92B}.Debug|Mixed Platforms.Build.0 = Debug|Win32
		{21E36630-F24B-44D0-BF8B-76B20EB8E92B}.Debug|Win32.ActiveCfg = Debug|Win32
		{21E36630-F24B-44D0-BF8B-76B20EB8E92B}.Debug|Win32.Build.0 = Debug|Win32
		{21E36630-F24B-44D0-BF8B-76B20EB8E92B}.Debug|x64.ActiveCfg = Debug|x64
		{21E36630-F24B-44D0-BF8B-76B20EB8E92B}.Debug|x64.Build.0 = Debug|x64
		{21E36630-F24B-44D0-BF8B-76B20EB8E92B}.PseudoDebug|Any CPU.ActiveCfg = PseudoDebug|Win32
		{21E36630-F24B-44D0-BF8B-76B20EB8E92B}.PseudoDebug|Mixed Platforms.ActiveCfg = PseudoDebug|Win32
		{21E36630-F24B-44D0-BF8B-76B20EB8E92B}.PseudoDebug|Mixed Platforms.Build.0 = PseudoDebug|Win32
		{21E36630-F24B-44D0-BF8B-76B20EB8E92B}.PseudoDebug|Win32.ActiveCfg = PseudoDebug|Win32
		{21E36630-F24B-44D0-BF8B-76B20EB8E92B}.PseudoDebug|Win32.Build.0 = PseudoDebug|Win32
		{21E36630-F24B-44D0-BF8B-76B20EB8E92B}.PseudoDebug|x64.ActiveCfg = PseudoDebug|x64
		{21E36630-F24B-44D0-BF8B-76B20EB8E92B}.PseudoDebug|x64.Build.0 = PseudoDebug|x64
		{21E36630-F24B-44D0-BF8B-76B20EB8E92B}.Release|Any CPU.ActiveCfg = Release|Win32
		{21E36630-F24B-44D0-BF8B-76B20EB8E92B}.Release|Mixed Platforms.ActiveCfg = Release|Win32
		{21E36630-F24B-44D0-BF8B-76B20EB8E92B}.Release|Mixed Platforms.Build.0 = Release|Win32
		{21E36630-F24B-44D0-BF8B-76B20EB8E92B}.Release|Win32.ActiveCfg = Release|Win32
		{21E36630-F24B-44D0-BF8B-76B20EB8E92B}.Release|Win32.Build.0 = Release|Win32
		{21E36630-F24B-44D0-BF8B-76B20EB8E92B}.Release|x64.ActiveCfg = Release|x64
		{21E36630-F24B-44D0-BF8B-76B20EB8E92B}.Release|x64.Build.0 = Release|x64
		{3BDF676F-036E-4D43-9977-BF9C2BC0BBD2}.Debug|Any CPU.ActiveCfg = Debug|Win32
		{3BDF676F-036E-4D43-9977-BF9C2BC0BBD2}.Debug|Mixed Platforms.ActiveCfg = Debug|Win32
		{3BDF676F-036E-4D43-9977-BF9C2BC0BBD2}.Debug|Mixed Platforms.Build.0 = Debug|Win32
		{3BDF676F-036E-4D43-9977-BF9C2BC0BBD2}.Debug|Win32.ActiveCfg = Debug|Win32
		{3BDF676F-036E-4D43-9977-BF9C2BC0BBD2}.Debug|Win32.Build.0 = Debug|Win32
		{3BDF676F-036E-4D43-9977-BF9C2BC0BBD2}.Debug|x64.ActiveCfg = Debug|x64
		{3BDF676F-036E-4D43-9977-BF9C2BC0BBD2}.Debug|x64.Build.0 = Debug|x64
		{3BDF676F-036E-4D43-9977-BF9C2BC0BBD2}.PseudoDebug|Any CPU.ActiveCfg = PseudoDebug|Win32
		{3BDF676F-036E-4D43-9977-BF9C2BC0BBD2}.PseudoDebug|Mixed Platforms.ActiveCfg = PseudoDebug|Win32
		{3BDF676F-036E-4D43-9977-BF9C2BC0BBD2}.PseudoDebug|Mixed Platforms.Build.0 = PseudoDebug|Win32
		{3BDF676F-036E-4D43-9977-BF9C2BC0BBD2}.PseudoDebug|Win32.ActiveCfg = PseudoDebug|Win32
		{3BDF676F-036E-4D43-9977-BF9C2BC0BBD2}.PseudoDebug|Win32.Build.0 = PseudoDebug|Win32
		{3BDF676F-036E-4D43-9977-BF9C2BC0BBD2}.PseudoDebug|x64.ActiveCfg = PseudoDebug|x64
		{3BDF676F-036E-4D43-9977-BF9C2BC0BBD2}.PseudoDebug|x64.Build.0 = PseudoDebug|x64
		{3BDF676F-036E-4D43-9977-BF9C2BC0BBD2}.Release|Any CPU.ActiveCfg = Release|Win32
		{3BDF676F-036E-4D43-9977-BF9C2BC0BBD2}.Release|Mixed Platforms.ActiveCfg = Release|Win32
		{3BDF676F-036E-4D43-9977-BF9C2BC0BBD2}.Release|Mixed Platforms.Build.0 = Release|Win32
		{3BDF676F-036E-4D43-9977-BF9C2BC0BBD2}.Release|Win32.ActiveCfg = Release|Win32
		{3BDF676F-036E-4D43-9977-BF9C2BC0BBD2}.Release|Win32.Build.0 = Release|Win32
		{3BDF676F-036E-4D43-9977-BF9C2BC0BBD2}.Release|x64.ActiveCfg = Release|x64
		{3BDF676F-036E-4D43-9977-BF9C2BC0BBD2}.Release|x64.Build.0 = Release|x64
		{1298F8E0-803D-4C1E-8D33-404138EAFE35}.Debug|Any CPU.ActiveCfg = Debug|Win32
		{1298F8E0-803D-4C1E-8D33-404138EAFE35}.Debug|Mixed Platforms.ActiveCfg = Debug|Win32
		{1298F8E0-803D-4C1E-8D33-404138EAFE35}.Debug|Mixed Platforms.Build.0 = Debug|Win32
		{1298F8E0-803D-4C1E-8D33-404138EAFE35}.Debug|Win32.ActiveCfg = Debug|Win32
		{1298F8E0-803D-4C1E-8D33-404138EAFE35}.Debug|Win32.Build.0 = Debug|Win32
		{1298F8E0-803D-4C1E-8D33-404138EAFE35}.Debug|x64.ActiveCfg = Debug|x64
		{1298F8E0-803D-4C1E-8D33-404138EAFE35}.Debug|x64.Build.0 = Debug|x64
		{1298F8E0-803D-4C1E-8D33-404138EAFE35}.PseudoDebug|Any CPU.ActiveCfg = PseudoDebug|Win32
		{1298F8E0-803D-4C1E-8D33-404138EAFE35}.PseudoDebug|Mixed Platforms.ActiveCfg = PseudoDebug|Win32
		{1298F8E0-803D-4C1E-8D33-404138EAFE35}.PseudoDebug|Mixed Platforms.Build.0 = PseudoDebug|Win32
		{1298F8E0-803D-4C1E-8D33-404138EAFE35}.PseudoDebug|Win32.ActiveCfg = PseudoDebug|Win32
		{1298F8E0-803D-4C1E-8D33-404138EAFE35}.PseudoDebug|Win32.Build.0 = PseudoDebug|Win32
		{1298F8E0-803D-4C1E-8D33-404138EAFE35}.PseudoDebug|x64.ActiveCfg = PseudoDebug|x64
		{1298F8E0-803D-4C1E-8D33-404138EAFE35}.PseudoDebug|x64.Build.0 = PseudoDebug|x64
		{1298F8E0-803D-4C1E-8D33-404138EAFE35}.Release|Any CPU.ActiveCfg = Release|Win32
		{1298F8E0-803D-4C1E-8D33-404138EAFE35}.Release|Mixed Platforms.ActiveCfg = Release|Win32
		{1298F8E0-803D-4C1E-8D33-404138EAFE35}.Release|Mixed Platforms.Build.0 = Release|Win32
		{1298F8E0-803D-4C1E-8D33-404138EAFE35}.Release|Win32.ActiveCfg = Release|Win32
		{1298F8E0-803D-4C1E-8D33-404138EAFE35}.Release|Win32.Build.0 = Release|Win32
		{1298F8E0-803D-4C1E-8D33-404138EAFE35}.Release|x64.ActiveCfg = Release|x64
		{1298F8E0-803D-4C1E-8D33-404138EAFE35}.Release|x64.Build.0 = Release|x64
		{5BD48EC5-78D3-445E-B9CB-55A22E590EDE}.Debug|Any CPU.ActiveCfg = Debug|Win32
		{5BD48EC5-78D3-445E-B9CB-55A22E590EDE}.Debug|Mixed Platforms.ActiveCfg = Debug|Win32
		{5BD48EC5-78D3-445E-B9CB-55A22E590EDE}.Debug|Mixed Platforms.Build.0 = Debug|Win32
		{5BD48EC5-78D3-445E-B9CB-55A22E590EDE}.Debug|Win32.ActiveCfg = Debug|Win32
		{5BD48EC5-78D3-445E-B9CB-55A22E590EDE}.Debug|Win32.Build.0 = Debug|Win32
		{5BD48EC5-78D3-445E-B9CB-55A22E590EDE}.Debug|x64.ActiveCfg = Debug|x64
		{5BD48EC5-78D3-445E-B9CB-55A22E590EDE}.Debug|x64.Build.0 = Debug|x64
		{5BD48EC5-78D3-445E-B9CB-55A22E590EDE}.PseudoDebug|Any CPU.ActiveCfg = PseudoDebug|Win32
		{5BD48EC5-78D3-445E-B9CB-55A22E590EDE}.PseudoDebug|Mixed Platforms.ActiveCfg = PseudoDebug|Win32
		{5BD48EC5-78D3-445E-B9CB-55A22E590EDE}.PseudoDebug|Mixed Platforms.Build.0 = PseudoDebug|Win32
		{5BD48EC5-78D3-445E-B9CB-55A22E590EDE}.PseudoDebug|Win32.ActiveCfg = PseudoDebug|Win32
		{5BD48EC5-78D3-445E-B9CB-55A22E590EDE}.PseudoDebug|Win32.Build.0 = PseudoDebug|Win32
		{5BD48EC5-78D3-445E-B9CB-55A22E590EDE}.PseudoDebug|x64.ActiveCfg = PseudoDebug|x64
		{5BD48EC5-78D3-445E-B9CB-55A22E590EDE}.PseudoDebug|x64.Build.0 = PseudoDebug|x64
		{5BD48EC5-78D3-445E-B9CB-55A22E590EDE}.Release|Any CPU.ActiveCfg = Release|Win32
		{5BD48EC5-78D3-445E-B9CB-55A22E590EDE}.Release|Mixed Platforms.ActiveCfg = Release|Win32
		{5BD48EC5-78D3-445E-B9CB-55A22E590EDE}.Release|Mixed Platforms.Build.0 = Release|Win32
		{5BD48EC5-78D3-445E-B9CB-55A22E590EDE}.Release|Win32.ActiveCfg = Release|Win32
		{5BD48EC5-78D3-445E-B9CB-55A22E590EDE}.Release|Win32.Build.0 = Release|Win32
		{5BD48EC5-78D3-445E-B9CB-55A22E590EDE}.Release|x64.ActiveCfg = Release|x64
		{5BD48EC5-78D3-445E-B9CB-55A22E590EDE}.Release|x64.Build.0 = Release|x64
		{1F63EB7F-7A6E-49FA-AB49-52A5E66DCB8D}.Debug|Any CPU.ActiveCfg = Debug|Win32
		{1F63EB7F-7A6E-49FA-AB49-52A5E66DCB8D}.Debug|Mixed Platforms.ActiveCfg = Debug|Win32
		{1F63EB7F-7A6E-49FA-AB49-52A5E66DCB8D}.Debug|Mixed Platforms.Build.0 = Debug|Win32
		{1F63EB7F-7A6E-49FA-AB49-52A5E66DCB8D}.Debug|Win32.ActiveCfg = Debug|Win32
		{1F63EB7F-7A6E-49FA-AB49-52A5E66DCB8D}.Debug|Win32.Build.0 = Debug|Win32
		{1F63EB7F-7A6E-49FA-AB49-52A5E66DCB8D}.Debug|x64.ActiveCfg = Debug|x64
		{1F63EB7F-7A6E-49FA-AB49-52A5E66DCB8D}.Debug|x64.Build.0 = Debug|x64
		{1F63EB7F-7A6E-49FA-AB49-52A5E66DCB8D}.PseudoDebug|Any CPU.ActiveCfg = Debug|Win32
		{1F63EB7F-7A6E-49FA-AB49-52A5E66DCB8D}.PseudoDebug|Mixed Platforms.ActiveCfg = Debug|Win32
		{1F63EB7F-7A6E-49FA-AB49-52A5E66DCB8D}.PseudoDebug|Mixed Platforms.Build.0 = Debug|Win32
		{1F63EB7F-7A6E-49FA-AB49-52A5E66DCB8D}.PseudoDebug|Win32.ActiveCfg = Debug|Win32
		{1F63EB7F-7A6E-49FA-AB49-52A5E66DCB8D}.PseudoDebug|Win32.Build.0 = Debug|Win32
		{1F63EB7F-7A6E-49FA-AB49-52A5E66DCB8D}.PseudoDebug|x64.ActiveCfg = Debug|x64
		{1F63EB7F-7A6E-49FA-AB49-52A5E66DCB8D}.PseudoDebug|x64.Build.0 = Debug|x64
		{1F63EB7F-7A6E-49FA-AB49-52A5E66DCB8D}.Release|Any CPU.ActiveCfg = Release|Win32
		{1F63EB7F-7A6E-49FA-AB49-52A5E66DCB8D}.Release|Mixed Platforms.ActiveCfg = Release|Win32
		{1F63EB7F-7A6E-49FA-AB49-52A5E66DCB8D}.Release|Mixed Platforms.Build.0 = Release|Win32
		{1F63EB7F-7A6E-49FA-AB49-52A5E66DCB8D}.Release|Win32.ActiveCfg = Release|Win32
		{1F63EB7F-7A6E-49FA-AB49-52A5E66DCB8D}.Release|Win32.Build.0 = Release|Win32
		{1F63EB7F-7A6E-49FA-AB49-52A5E66DCB8D}.Release|x64.ActiveCfg = Release|x64
		{1F63EB7F-7A6E-49FA-AB49-52A5E66DCB8D}.Release|x64.Build.0 = Release|x64
		{1D140D1B-FC62-4EC7-8517-E6F7A1009EDC}.Debug|Any CPU.ActiveCfg = Debug|Win32
		{1D140D1B-FC62-4EC7-8517-E6F7A1009EDC}.Debug|Mixed Platforms.ActiveCfg = Debug|Win32
		{1D140D1B-FC62-4EC7-8517-E6F7A1009EDC}.Debug|Mixed Platforms.Build.0 = Debug|Win32
		{1D140D1B-FC62-4EC7-8517-E6F7A1009EDC}.Debug|Win32.ActiveCfg = Debug|Win32
		{1D140D1B-FC62-4EC7-8517-E6F7A1009EDC}.Debug|Win32.Build.0 = Debug|Win32
		{1D140D1B-FC62-4EC7-8517-E6F7A1009EDC}.Debug|x64.ActiveCfg = Debug|x64
		{1D140D1B-FC62-4EC7-8517-E6F7A1009EDC}.Debug|x64.Build.0 = Debug|x64
		{1D140D1B-FC62-4EC7-8517-E6F7A1009EDC}.PseudoDebug|Any CPU.ActiveCfg = Debug|Win32
		{1D140D1B-FC62-4EC7-8517-E6F7A1009EDC}.PseudoDebug|Mixed Platforms.ActiveCfg = Debug|Win32
		{1D140D1B-FC62-4EC7-8517-E6F7A1009EDC}.PseudoDebug|Mixed Platforms.Build.0 = Debug|Win32
		{1D140D1B-FC62-4EC7-8517-E6F7A1009EDC}.PseudoDebug|Win32.ActiveCfg = Debug|Win32
		{1D140D1B-FC62-4EC7-8517-E6F7A1009EDC}.PseudoDebug|Win32.Build.0 = Debug|Win32
		{1D140D1B-FC62-4EC7-8517-E6F7A1009EDC}.PseudoDebug|x64.ActiveCfg = Debug|x64
		{1D140D1B-FC62-4EC7-8517-E6F7A1009EDC}.PseudoDebug|x64.Build.0 = Debug|x64
		{1D140D1B-FC62-4EC7-8517-E6F7A1009EDC}.Release|Any CPU.ActiveCfg = Release|Win32
		{1D140D1B-FC62-4EC7-8517-E6F7A1009EDC}.Release|Mixed Platforms.ActiveCfg = Release|Win32
		{1D140D1B-FC62-4EC7-8517-E6F7A1009EDC}.Release|Mixed Platforms.Build.0 = Release|Win32
		{1D140D1B-FC62-4EC7-8517-E6F7A1009EDC}.Release|Win32.ActiveCfg = Release|Win32
		{1D140D1B-FC62-4EC7-8517-E6F7A1009EDC}.Release|Win32.Build.0 = Release|Win32
		{1D140D1B-FC62-4EC7-8517-E6F7A1009EDC}.Release|x64.ActiveCfg = Release|x64
		{1D140D1B-FC62-4EC7-8517-E6F7A1009EDC}.Release|x64.Build.0 = Release|x64
		{E3C9A670-A7FD-41DD-8643-2716549513EA}.Debug|Any CPU.ActiveCfg = Debug|Win32
		{E3C9A670-A7FD-41DD-8643-2716549513EA}.Debug|Mixed Platforms.ActiveCfg = Debug|Win32
		{E3C9A670-A7FD-41DD-8643-2716549513EA}.Debug|Mixed Platforms.Build.0 = Debug|Win32
		{E3C9A670-A7FD-41DD-8643-2716549513EA}.Debug|Win32.ActiveCfg = Debug|Win32
		{E3C9A670-A7FD-41DD-8643-2716549513EA}.Debug|Win32.Build.0 = Debug|Win32
		{E3C9A670-A7FD-41DD-8643-2716549513EA}.Debug|x64.ActiveCfg = Debug|x64
		{E3C9A670-A7FD-41DD-8643-2716549513EA}.Debug|x64.Build.0 = Debug|x64
		{E3C9A670-A7FD-41DD-8643-2716549513EA}.PseudoDebug|Any CPU.ActiveCfg = Debug|Win32
		{E3C9A670-A7FD-41DD-8643-2716549513EA}.PseudoDebug|Mixed Platforms.ActiveCfg = Debug|Win32
		{E3C9A670-A7FD-41DD-8643-2716549513EA}.PseudoDebug|Mixed Platforms.Build.0 = Debug|Win32
		{E3C9A670-A7FD-41DD-8643-2716549513EA}.PseudoDebug|Win32.ActiveCfg = Debug|Win32
		{E3C9A670-A7FD-41DD-8643-2716549513EA}.PseudoDebug|Win32.Build.0 = Debug|Win32
		{E3C9A670-A7FD-41DD-8643-2716549513EA}.PseudoDebug|x64.ActiveCfg = Debug|x64
		{E3C9A670-A7FD-41DD-8643-2716549513EA}.PseudoDebug|x64.Build.0 = Debug|x64
		{E3C9A670-A7FD-41DD-8643-2716549513EA}.Release|Any CPU.ActiveCfg = Release|Win32
		{E3C9A670-A7FD-41DD-8643-2716549513EA}.Release|Mixed Platforms.ActiveCfg = Release|Win32
		{E3C9A670-A7FD-41DD-8643-2716549513EA}.Release|Mixed Platforms.Build.0 = Release|Win32
		{E3C9A670-A7FD-41DD-8643-2716549513EA}.Release|Win32.ActiveCfg = Release|Win32
		{E3C9A670-A7FD-41DD-8643-2716549513EA}.Release|Win32.Build.0 = Release|Win32
		{E3C9A670-A7FD-41DD-8643-2716549513EA}.Release|x64.ActiveCfg = Release|x64
		{E3C9A670-A7FD-41DD-8643-2716549513EA}.Release|x64.Build.0 = Release|x64
		{92EB6D16-E6F5-47B7-928F-6BE64BA1B944}.Debug|Any CPU.ActiveCfg = Debug|Win32
		{92EB6D16-E6F5-47B7-928F-6BE64BA1B944}.Debug|Mixed Platforms.ActiveCfg = Debug|Win32
		{92EB6D16-E6F5-47B7-928F-6BE64BA1B944}.Debug|Mixed Platforms.Build.0 = Debug|Win32
		{92EB6D16-E6F5-47B7-928F-6BE64BA1B944}.Debug|Win32.ActiveCfg = Debug|Win32
		{92EB6D16-E6F5-47B7-928F-6BE64BA1B944}.Debug|Win32.Build.0 = Debug|Win32
		{92EB6D16-E6F5-47B7-928F-6BE64BA1B944}.Debug|x64.ActiveCfg = Debug|x64
		{92EB6D16-E6F5-47B7-928F-6BE64BA1B944}.Debug|x64.Build.0 = Debug|x64
		{92EB6D16-E6F5-47B7-928F-6BE64BA1B944}.PseudoDebug|Any CPU.ActiveCfg = PseudoDebug|Win32
		{92EB6D16-E6F5-47B7-928F-6BE64BA1B944}.PseudoDebug|Mixed Platforms.ActiveCfg = PseudoDebug|Win32
		{92EB6D16-E6F5-47B7-928F-6BE64BA1B944}.PseudoDebug|Mixed Platforms.Build.0 = PseudoDebug|Win32
		{92EB6D16-E6F5-47B7-928F-6BE64BA1B944}.PseudoDebug|Win32.ActiveCfg = PseudoDebug|Win32
		{92EB6D16-E6F5-47B7-928F-6BE64BA1B944}.PseudoDebug|Win32.Build.0 = PseudoDebug|Win32
		{92EB6D16-E6F5-47B7-928F-6BE64BA1B944}.PseudoDebug|x64.ActiveCfg = PseudoDebug|x64
		{92EB6D16-E6F5-47B7-928F-6BE64BA1B944}.PseudoDebug|x64.Build.0 = PseudoDebug|x64
		{92EB6D16-E6F5-47B7-928F-6BE64BA1B944}.Release|Any CPU.ActiveCfg = Release|Win32
		{92EB6D16-E6F5-47B7-928F-6BE64BA1B944}.Release|Mixed Platforms.ActiveCfg = Release|Win32
		{92EB6D16-E6F5-47B7-928F-6BE64BA1B944}.Release|Mixed Platforms.Build.0 = Release|Win32
		{92EB6D16-E6F5-47B7-928F-6BE64BA1B944}.Release|Win32.ActiveCfg = Release|Win32
		{92EB6D16-E6F5-47B7-928F-6BE64BA1B944}.Release|Win32.Build.0 = Release|Win32
		{92EB6D16-E6F5-47B7-928F-6BE64BA1B944}.Release|x64.ActiveCfg = Release|x64
		{92EB6D16-E6F5-47B7-928F-6BE64BA1B944}.Release|x64.Build.0 = Release|x64
		{B8C1A4CB-6207-49F7-BA7D-D8B5AF75F965}.Debug|Any CPU.ActiveCfg = Debug|Win32
		{B8C1A4CB-6207-49F7-BA7D-D8B5AF75F965}.Debug|Mixed Platforms.ActiveCfg = Debug|Win32
		{B8C1A4CB-6207-49F7-BA7D-D8B5AF75F965}.Debug|Mixed Platforms.Build.0 = Debug|Win32
		{B8C1A4CB-6207-49F7-BA7D-D8B5AF75F965}.Debug|Win32.ActiveCfg = Debug|Win32
		{B8C1A4CB-6207-49F7-BA7D-D8B5AF75F965}.Debug|Win32.Build.0 = Debug|Win32
		{B8C1A4CB-6207-49F7-BA7D-D8B5AF75F965}.Debug|x64.ActiveCfg = Debug|x64
		{B8C1A4CB-6207-49F7-BA7D-D8B5AF75F965}.Debug|x64.Build.0 = Debug|x64
		{B8C1A4CB-6207-49F7-BA7D-D8B5AF75F965}.PseudoDebug|Any CPU.ActiveCfg = PseudoDebug|Win32
		{B8C1A4CB-6207-49F7-BA7D-D8B5AF75F965}.PseudoDebug|Mixed Platforms.ActiveCfg = PseudoDebug|Win32
		{B8C1A4CB-6207-49F7-BA7D-D8B5AF75F965}.PseudoDebug|Mixed Platforms.Build.0 = PseudoDebug|Win32
		{B8C1A4CB-6207-49F7-BA7D-D8B5AF75F965}.PseudoDebug|Win32.ActiveCfg = PseudoDebug|Win32
		{B8C1A4CB-6207-49F7-BA7D-D8B5AF75F965}.PseudoDebug|Win32.Build.0 = PseudoDebug|Win32
		{B8C1A4CB-6207-49F7-BA7D-D8B5AF75F965}.PseudoDebug|x64.ActiveCfg = PseudoDebug|x64
		{B8C1A4CB-6207-49F7-BA7D-D8B5AF75F965}.PseudoDebug|x64.Build.0 = PseudoDebug|x64
		{B8C1A4CB-6207-49F7-BA7D-D8B5AF75F965}.Release|Any CPU.ActiveCfg = Release|Win32
		{B8C1A4CB-6207-49F7-BA7D-D8B5AF75F965}.Release|Mixed Platforms.ActiveCfg = Release|Win32
		{B8C1A4CB-6207-49F7-BA7D-D8B5AF75F965}.Release|Mixed Platforms.Build.0 = Release|Win32
		{B8C1A4CB-6207-49F7-BA7D-D8B5AF75F965}.Release|Win32.ActiveCfg = Release|Win32
		{B8C1A4CB-6207-49F7-BA7D-D8B5AF75F965}.Release|Win32.Build.0 = Release|Win32
		{B8C1A4CB-6207-49F7-BA7D-D8B5AF75F965}.Release|x64.ActiveCfg = Release|x64
		{B8C1A4CB-6207-49F7-BA7D-D8B5AF75F965}.Release|x64.Build.0 = Release|x64
	EndGlobalSection
	GlobalSection(SolutionProperties) = preSolution
		HideSolutionNode = FALSE
	EndGlobalSection
	GlobalSection(NestedProjects) = preSolution
		{D4BB57D0-8C57-4EFD-89C8-C3381818EFA7} = {D0A2CE60-B545-4997-A032-A3F35B5A4208}
		{F10377EA-7257-485D-9F55-13AA4E00FCC5} = {D0A2CE60-B545-4997-A032-A3F35B5A4208}
		{B8EDEAF5-32EB-4222-8219-A02E4980E887} = {D0A2CE60-B545-4997-A032-A3F35B5A4208}
		{FE779E4B-3450-4897-B8E8-0156F0B9B2E1} = {D0A2CE60-B545-4997-A032-A3F35B5A4208}
		{21E36630-F24B-44D0-BF8B-76B20EB8E92B} = {D0A2CE60-B545-4997-A032-A3F35B5A4208}
		{3BDF676F-036E-4D43-9977-BF9C2BC0BBD2} = {D0A2CE60-B545-4997-A032-A3F35B5A4208}
		{1298F8E0-803D-4C1E-8D33-404138EAFE35} = {C81B2BF2-B1D3-45E8-A9B9-CE7D52340153}
		{5BD48EC5-78D3-445E-B9CB-55A22E590EDE} = {C81B2BF2-B1D3-45E8-A9B9-CE7D52340153}
		{1F63EB7F-7A6E-49FA-AB49-52A5E66DCB8D} = {C81B2BF2-B1D3-45E8-A9B9-CE7D52340153}
		{1D140D1B-FC62-4EC7-8517-E6F7A1009EDC} = {9E2F3492-DE41-4809-8E37-6D713266E0E1}
		{E3C9A670-A7FD-41DD-8643-2716549513EA} = {C81B2BF2-B1D3-45E8-A9B9-CE7D52340153}
		{92EB6D16-E6F5-47B7-928F-6BE64BA1B944} = {C81B2BF2-B1D3-45E8-A9B9-CE7D52340153}
		{B8C1A4CB-6207-49F7-BA7D-D8B5AF75F965} = {C81B2BF2-B1D3-45E8-A9B9-CE7D52340153}
	EndGlobalSection
EndGlobal
