<?xml version="1.0" encoding="utf-8"?>
<Project ToolsVersion="4.0" xmlns="http://schemas.microsoft.com/developer/msbuild/2003">
  <ItemGroup>
    <Filter Include="Source Files">
      <UniqueIdentifier>{7C56F0AB-AFA5-46D9-9E92-BC7DDCDBA31F}</UniqueIdentifier>
      <Extensions>cpp;c;cc;cxx;def;odl;idl;hpj;bat;asm;asmx</Extensions>
    </Filter>
    <Filter Include="Header Files">
      <UniqueIdentifier>{A10D8E17-51B5-429B-9B79-8A40A69C52EE}</UniqueIdentifier>
      <Extensions>h;hpp;hxx;hm;inl;inc;xsd</Extensions>
    </Filter>
    <Filter Include="Resource Files">
      <UniqueIdentifier>{F6429116-0E6C-42A5-928B-E0A4DFD715CB}</UniqueIdentifier>
      <Extensions>rc;ico;cur;bmp;dlg;rc2;rct;bin;rgs;gif;jpg;jpeg;jpe;resx;tiff;tif;png;wav;mfcribbon-ms</Extensions>
    </Filter>
  </ItemGroup>
  <ItemGroup>
    <ClCompile Include="kernel.cpp">
      <Filter>Source Files</Filter>
    </ClCompile>
  </ItemGroup>
  <ItemGroup>
    <ClInclude Include="kernel.h">
      <Filter>Header Files</Filter>
    </ClInclude>
    <ClInclude Include="kernel_accumulate.h">
      <Filter>Header Files</Filter>
    </ClInclude>
    <ClInclude Include="kernel_camera.h">
      <Filter>Header Files</Filter>
    </ClInclude>
    <ClInclude Include="kernel_compat_cpu.h">
      <Filter>Header Files</Filter>
    </ClInclude>
    <ClInclude Include="kernel_compat_cuda.h">
      <Filter>Header Files</Filter>
    </ClInclude>
    <ClInclude Include="kernel_compat_opencl.h">
      <Filter>Header Files</Filter>
    </ClInclude>
    <ClInclude Include="kernel_differential.h">
      <Filter>Header Files</Filter>
    </ClInclude>
    <ClInclude Include="kernel_displace.h">
      <Filter>Header Files</Filter>
    </ClInclude>
    <ClInclude Include="kernel_emission.h">
      <Filter>Header Files</Filter>
    </ClInclude>
    <ClInclude Include="kernel_film.h">
      <Filter>Header Files</Filter>
    </ClInclude>
    <ClInclude Include="kernel_globals.h">
      <Filter>Header Files</Filter>
    </ClInclude>
    <ClInclude Include="kernel_jitter.h">
      <Filter>Header Files</Filter>
    </ClInclude>
    <ClInclude Include="kernel_light.h">
      <Filter>Header Files</Filter>
    </ClInclude>
    <ClInclude Include="kernel_math.h">
      <Filter>Header Files</Filter>
    </ClInclude>
    <ClInclude Include="kernel_montecarlo.h">
      <Filter>Header Files</Filter>
    </ClInclude>
    <ClInclude Include="kernel_passes.h">
      <Filter>Header Files</Filter>
    </ClInclude>
    <ClInclude Include="kernel_path.h">
      <Filter>Header Files</Filter>
    </ClInclude>
    <ClInclude Include="kernel_path_state.h">
      <Filter>Header Files</Filter>
    </ClInclude>
    <ClInclude Include="kernel_projection.h">
      <Filter>Header Files</Filter>
    </ClInclude>
    <ClInclude Include="kernel_random.h">
      <Filter>Header Files</Filter>
    </ClInclude>
    <ClInclude Include="kernel_shader.h">
      <Filter>Header Files</Filter>
    </ClInclude>
    <ClInclude Include="kernel_shadow.h">
      <Filter>Header Files</Filter>
    </ClInclude>
    <ClInclude Include="kernel_subsurface.h">
      <Filter>Header Files</Filter>
    </ClInclude>
    <ClInclude Include="kernel_textures.h">
      <Filter>Header Files</Filter>
    </ClInclude>
    <ClInclude Include="kernel_types.h">
      <Filter>Header Files</Filter>
    </ClInclude>
    <ClInclude Include="kernel_volume.h">
      <Filter>Header Files</Filter>
    </ClInclude>
    <ClInclude Include="closure\bsdf.h">
      <Filter>Header Files</Filter>
    </ClInclude>
    <ClInclude Include="closure\bsdf_ashikhmin_velvet.h">
      <Filter>Header Files</Filter>
    </ClInclude>
    <ClInclude Include="closure\bsdf_diffuse.h">
      <Filter>Header Files</Filter>
    </ClInclude>
    <ClInclude Include="closure\bsdf_diffuse_ramp.h">
      <Filter>Header Files</Filter>
    </ClInclude>
    <ClInclude Include="closure\bsdf_microfacet.h">
      <Filter>Header Files</Filter>
    </ClInclude>
    <ClInclude Include="closure\bsdf_oren_nayar.h">
      <Filter>Header Files</Filter>
    </ClInclude>
    <ClInclude Include="closure\bsdf_phong_ramp.h">
      <Filter>Header Files</Filter>
    </ClInclude>
    <ClInclude Include="closure\bsdf_reflection.h">
      <Filter>Header Files</Filter>
    </ClInclude>
    <ClInclude Include="closure\bsdf_refraction.h">
      <Filter>Header Files</Filter>
    </ClInclude>
    <ClInclude Include="closure\bsdf_toon.h">
      <Filter>Header Files</Filter>
    </ClInclude>
    <ClInclude Include="closure\bsdf_transparent.h">
      <Filter>Header Files</Filter>
    </ClInclude>
    <ClInclude Include="closure\bsdf_util.h">
      <Filter>Header Files</Filter>
    </ClInclude>
    <ClInclude Include="closure\bsdf_hair.h">
      <Filter>Header Files</Filter>
    </ClInclude>
    <ClInclude Include="closure\bssrdf.h">
      <Filter>Header Files</Filter>
    </ClInclude>
    <ClInclude Include="closure\emissive.h">
      <Filter>Header Files</Filter>
    </ClInclude>
    <ClInclude Include="closure\volume.h">
      <Filter>Header Files</Filter>
    </ClInclude>
    <ClInclude Include="svm\svm.h">
      <Filter>Header Files</Filter>
    </ClInclude>
    <ClInclude Include="svm\svm_attribute.h">
      <Filter>Header Files</Filter>
    </ClInclude>
    <ClInclude Include="svm\svm_blackbody.h">
      <Filter>Header Files</Filter>
    </ClInclude>
    <ClInclude Include="svm\svm_camera.h">
      <Filter>Header Files</Filter>
    </ClInclude>
    <ClInclude Include="svm\svm_closure.h">
      <Filter>Header Files</Filter>
    </ClInclude>
    <ClInclude Include="svm\svm_convert.h">
      <Filter>Header Files</Filter>
    </ClInclude>
    <ClInclude Include="svm\svm_checker.h">
      <Filter>Header Files</Filter>
    </ClInclude>
    <ClInclude Include="svm\svm_brick.h">
      <Filter>Header Files</Filter>
    </ClInclude>
    <ClInclude Include="svm\svm_displace.h">
      <Filter>Header Files</Filter>
    </ClInclude>
    <ClInclude Include="svm\svm_fresnel.h">
      <Filter>Header Files</Filter>
    </ClInclude>
    <ClInclude Include="svm\svm_wireframe.h">
      <Filter>Header Files</Filter>
    </ClInclude>
    <ClInclude Include="svm\svm_wavelength.h">
      <Filter>Header Files</Filter>
    </ClInclude>
    <ClInclude Include="svm\svm_gamma.h">
      <Filter>Header Files</Filter>
    </ClInclude>
    <ClInclude Include="svm\svm_brightness.h">
      <Filter>Header Files</Filter>
    </ClInclude>
    <ClInclude Include="svm\svm_geometry.h">
      <Filter>Header Files</Filter>
    </ClInclude>
    <ClInclude Include="svm\svm_gradient.h">
      <Filter>Header Files</Filter>
    </ClInclude>
    <ClInclude Include="svm\svm_hsv.h">
      <Filter>Header Files</Filter>
    </ClInclude>
    <ClInclude Include="svm\svm_image.h">
      <Filter>Header Files</Filter>
    </ClInclude>
    <ClInclude Include="svm\svm_invert.h">
      <Filter>Header Files</Filter>
    </ClInclude>
    <ClInclude Include="svm\svm_light_path.h">
      <Filter>Header Files</Filter>
    </ClInclude>
    <ClInclude Include="svm\svm_magic.h">
      <Filter>Header Files</Filter>
    </ClInclude>
    <ClInclude Include="svm\svm_mapping.h">
      <Filter>Header Files</Filter>
    </ClInclude>
    <ClInclude Include="svm\svm_math.h">
      <Filter>Header Files</Filter>
    </ClInclude>
    <ClInclude Include="svm\svm_mix.h">
      <Filter>Header Files</Filter>
    </ClInclude>
    <ClInclude Include="svm\svm_musgrave.h">
      <Filter>Header Files</Filter>
    </ClInclude>
    <ClInclude Include="svm\svm_noise.h">
      <Filter>Header Files</Filter>
    </ClInclude>
    <ClInclude Include="svm\svm_noisetex.h">
      <Filter>Header Files</Filter>
    </ClInclude>
    <ClInclude Include="svm\svm_normal.h">
      <Filter>Header Files</Filter>
    </ClInclude>
    <ClInclude Include="svm\svm_ramp.h">
      <Filter>Header Files</Filter>
    </ClInclude>
    <ClInclude Include="svm\svm_sepcomb_hsv.h">
      <Filter>Header Files</Filter>
    </ClInclude>
    <ClInclude Include="svm\svm_sky.h">
      <Filter>Header Files</Filter>
    </ClInclude>
    <ClInclude Include="svm\svm_tex_coord.h">
      <Filter>Header Files</Filter>
    </ClInclude>
    <ClInclude Include="svm\svm_texture.h">
      <Filter>Header Files</Filter>
    </ClInclude>
    <ClInclude Include="svm\svm_types.h">
      <Filter>Header Files</Filter>
    </ClInclude>
    <ClInclude Include="svm\svm_value.h">
      <Filter>Header Files</Filter>
    </ClInclude>
    <ClInclude Include="svm\svm_vector_transform.h">
      <Filter>Header Files</Filter>
    </ClInclude>
    <ClInclude Include="svm\svm_voronoi.h">
      <Filter>Header Files</Filter>
    </ClInclude>
    <ClInclude Include="svm\svm_wave.h">
      <Filter>Header Files</Filter>
    </ClInclude>
    <ClInclude Include="geom/geom.h">
      <Filter>Header Files</Filter>
    </ClInclude>
    <ClInclude Include="geom/geom_attribute.h">
      <Filter>Header Files</Filter>
    </ClInclude>
    <ClInclude Include="geom/geom_bvh.h">
      <Filter>Header Files</Filter>
    </ClInclude>
    <ClInclude Include="geom/geom_bvh_subsurface.h">
      <Filter>Header Files</Filter>
    </ClInclude>
    <ClInclude Include="geom/geom_bvh_traversal.h">
      <Filter>Header Files</Filter>
    </ClInclude>
    <ClInclude Include="geom/geom_curve.h">
      <Filter>Header Files</Filter>
    </ClInclude>
    <ClInclude Include="geom/geom_motion_curve.h">
      <Filter>Header Files</Filter>
    </ClInclude>
    <ClInclude Include="geom/geom_motion_triangle.h">
      <Filter>Header Files</Filter>
    </ClInclude>
    <ClInclude Include="geom/geom_object.h">
      <Filter>Header Files</Filter>
    </ClInclude>
    <ClInclude Include="geom/geom_primitive.h">
      <Filter>Header Files</Filter>
    </ClInclude>
    <ClInclude Include="geom/geom_triangle.h">
      <Filter>Header Files</Filter>
    </ClInclude>
    <ClInclude Include="geom/geom_volume.h">
      <Filter>Header Files</Filter>
    </ClInclude>
    <ClInclude Include="kernel_bake.h">
      <Filter>Header Files</Filter>
    </ClInclude>
    <ClInclude Include="geom\geom_bvh_shadow.h">
      <Filter>Header Files</Filter>
    </ClInclude>
    <ClInclude Include="closure\bsdf_ashikhmin_shirley.h">
      <Filter>Header Files</Filter>
    </ClInclude>
    <ClInclude Include="kernel_path_surface.h">
      <Filter>Header Files</Filter>
    </ClInclude>
    <ClInclude Include="kernel_path_volume.h">
      <Filter>Header Files</Filter>
    </ClInclude>
    <ClInclude Include="svm\svm_sepcomb_vector.h">
      <Filter>Header Files</Filter>
    </ClInclude>
    <ClInclude Include="geom\geom_bvh_volume.h">
      <Filter>Header Files</Filter>
    </ClInclude>
    <ClInclude Include="kernel_debug.h">
      <Filter>Header Files</Filter>
    </ClInclude>
    <ClInclude Include="svm\svm_math_util.h">
      <Filter>Header Files</Filter>
    </ClInclude>
  </ItemGroup>
</Project>