<?xml version="1.0" encoding="utf-8"?>
<Project ToolsVersion="4.0" xmlns="http://schemas.microsoft.com/developer/msbuild/2003">
  <ItemGroup>
    <Filter Include="Source Files">
      <UniqueIdentifier>{3a06c5af-1a52-4f79-9659-e57e31b706c5}</UniqueIdentifier>
      <Extensions>cpp;c;cxx;rc;def;r;odl;idl;hpj;bat</Extensions>
    </Filter>
    <Filter Include="Header Files">
      <UniqueIdentifier>{404bd216-3c29-413a-954a-120e7dbdf584}</UniqueIdentifier>
      <Extensions>h;hpp;hxx;hm;inl</Extensions>
    </Filter>
  </ItemGroup>
  <ItemGroup>
    <ClCompile Include="ImfAttribute.cpp">
      <Filter>Source Files</Filter>
    </ClCompile>
    <ClCompile Include="ImfBoxAttribute.cpp">
      <Filter>Source Files</Filter>
    </ClCompile>
    <ClCompile Include="ImfChannelList.cpp">
      <Filter>Source Files</Filter>
    </ClCompile>
    <ClCompile Include="ImfChannelListAttribute.cpp">
      <Filter>Source Files</Filter>
    </ClCompile>
    <ClCompile Include="ImfChromaticities.cpp">
      <Filter>Source Files</Filter>
    </ClCompile>
    <ClCompile Include="ImfChromaticitiesAttribute.cpp">
      <Filter>Source Files</Filter>
    </ClCompile>
    <ClCompile Include="ImfCompressionAttribute.cpp">
      <Filter>Source Files</Filter>
    </ClCompile>
    <ClCompile Include="ImfCompressor.cpp">
      <Filter>Source Files</Filter>
    </ClCompile>
    <ClCompile Include="ImfConvert.cpp">
      <Filter>Source Files</Filter>
    </ClCompile>
    <ClCompile Include="ImfCRgbaFile.cpp">
      <Filter>Source Files</Filter>
    </ClCompile>
    <ClCompile Include="ImfDoubleAttribute.cpp">
      <Filter>Source Files</Filter>
    </ClCompile>
    <ClCompile Include="ImfEnvmap.cpp">
      <Filter>Source Files</Filter>
    </ClCompile>
    <ClCompile Include="ImfEnvmapAttribute.cpp">
      <Filter>Source Files</Filter>
    </ClCompile>
    <ClCompile Include="ImfFloatAttribute.cpp">
      <Filter>Source Files</Filter>
    </ClCompile>
    <ClCompile Include="ImfFrameBuffer.cpp">
      <Filter>Source Files</Filter>
    </ClCompile>
    <ClCompile Include="ImfHeader.cpp">
      <Filter>Source Files</Filter>
    </ClCompile>
    <ClCompile Include="ImfHuf.cpp">
      <Filter>Source Files</Filter>
    </ClCompile>
    <ClCompile Include="ImfInputFile.cpp">
      <Filter>Source Files</Filter>
    </ClCompile>
    <ClCompile Include="ImfIntAttribute.cpp">
      <Filter>Source Files</Filter>
    </ClCompile>
    <ClCompile Include="ImfIO.cpp">
      <Filter>Source Files</Filter>
    </ClCompile>
    <ClCompile Include="ImfKeyCode.cpp">
      <Filter>Source Files</Filter>
    </ClCompile>
    <ClCompile Include="ImfKeyCodeAttribute.cpp">
      <Filter>Source Files</Filter>
    </ClCompile>
    <ClCompile Include="ImfLineOrderAttribute.cpp">
      <Filter>Source Files</Filter>
    </ClCompile>
    <ClCompile Include="ImfLut.cpp">
      <Filter>Source Files</Filter>
    </ClCompile>
    <ClCompile Include="ImfMatrixAttribute.cpp">
      <Filter>Source Files</Filter>
    </ClCompile>
    <ClCompile Include="ImfMisc.cpp">
      <Filter>Source Files</Filter>
    </ClCompile>
    <ClCompile Include="ImfOpaqueAttribute.cpp">
      <Filter>Source Files</Filter>
    </ClCompile>
    <ClCompile Include="ImfOutputFile.cpp">
      <Filter>Source Files</Filter>
    </ClCompile>
    <ClCompile Include="ImfPizCompressor.cpp">
      <Filter>Source Files</Filter>
    </ClCompile>
    <ClCompile Include="ImfPreviewImage.cpp">
      <Filter>Source Files</Filter>
    </ClCompile>
    <ClCompile Include="ImfPreviewImageAttribute.cpp">
      <Filter>Source Files</Filter>
    </ClCompile>
    <ClCompile Include="ImfPxr24Compressor.cpp">
      <Filter>Source Files</Filter>
    </ClCompile>
    <ClCompile Include="ImfRgbaFile.cpp">
      <Filter>Source Files</Filter>
    </ClCompile>
    <ClCompile Include="ImfRgbaYca.cpp">
      <Filter>Source Files</Filter>
    </ClCompile>
    <ClCompile Include="ImfRleCompressor.cpp">
      <Filter>Source Files</Filter>
    </ClCompile>
    <ClCompile Include="ImfScanLineInputFile.cpp">
      <Filter>Source Files</Filter>
    </ClCompile>
    <ClCompile Include="ImfStandardAttributes.cpp">
      <Filter>Source Files</Filter>
    </ClCompile>
    <ClCompile Include="ImfStdIO.cpp">
      <Filter>Source Files</Filter>
    </ClCompile>
    <ClCompile Include="ImfStringAttribute.cpp">
      <Filter>Source Files</Filter>
    </ClCompile>
    <ClCompile Include="ImfTestFile.cpp">
      <Filter>Source Files</Filter>
    </ClCompile>
    <ClCompile Include="ImfThreading.cpp">
      <Filter>Source Files</Filter>
    </ClCompile>
    <ClCompile Include="ImfTileDescriptionAttribute.cpp">
      <Filter>Source Files</Filter>
    </ClCompile>
    <ClCompile Include="ImfTiledInputFile.cpp">
      <Filter>Source Files</Filter>
    </ClCompile>
    <ClCompile Include="ImfTiledMisc.cpp">
      <Filter>Source Files</Filter>
    </ClCompile>
    <ClCompile Include="ImfTiledOutputFile.cpp">
      <Filter>Source Files</Filter>
    </ClCompile>
    <ClCompile Include="ImfTiledRgbaFile.cpp">
      <Filter>Source Files</Filter>
    </ClCompile>
    <ClCompile Include="ImfTileOffsets.cpp">
      <Filter>Source Files</Filter>
    </ClCompile>
    <ClCompile Include="ImfTimeCode.cpp">
      <Filter>Source Files</Filter>
    </ClCompile>
    <ClCompile Include="ImfTimeCodeAttribute.cpp">
      <Filter>Source Files</Filter>
    </ClCompile>
    <ClCompile Include="ImfVecAttribute.cpp">
      <Filter>Source Files</Filter>
    </ClCompile>
    <ClCompile Include="ImfVersion.cpp">
      <Filter>Source Files</Filter>
    </ClCompile>
    <ClCompile Include="ImfWav.cpp">
      <Filter>Source Files</Filter>
    </ClCompile>
    <ClCompile Include="ImfZipCompressor.cpp">
      <Filter>Source Files</Filter>
    </ClCompile>
  </ItemGroup>
  <ItemGroup>
    <ClInclude Include="ImfArray.h">
      <Filter>Header Files</Filter>
    </ClInclude>
    <ClInclude Include="ImfAttribute.h">
      <Filter>Header Files</Filter>
    </ClInclude>
    <ClInclude Include="ImfAutoArray.h">
      <Filter>Header Files</Filter>
    </ClInclude>
    <ClInclude Include="ImfBoxAttribute.h">
      <Filter>Header Files</Filter>
    </ClInclude>
    <ClInclude Include="ImfChannelList.h">
      <Filter>Header Files</Filter>
    </ClInclude>
    <ClInclude Include="ImfChannelListAttribute.h">
      <Filter>Header Files</Filter>
    </ClInclude>
    <ClInclude Include="ImfChromaticities.h">
      <Filter>Header Files</Filter>
    </ClInclude>
    <ClInclude Include="ImfChromaticitiesAttribute.h">
      <Filter>Header Files</Filter>
    </ClInclude>
    <ClInclude Include="ImfCompression.h">
      <Filter>Header Files</Filter>
    </ClInclude>
    <ClInclude Include="ImfCompressionAttribute.h">
      <Filter>Header Files</Filter>
    </ClInclude>
    <ClInclude Include="ImfCompressor.h">
      <Filter>Header Files</Filter>
    </ClInclude>
    <ClInclude Include="ImfConvert.h">
      <Filter>Header Files</Filter>
    </ClInclude>
    <ClInclude Include="ImfCRgbaFile.h">
      <Filter>Header Files</Filter>
    </ClInclude>
    <ClInclude Include="ImfDoubleAttribute.h">
      <Filter>Header Files</Filter>
    </ClInclude>
    <ClInclude Include="ImfEnvmap.h">
      <Filter>Header Files</Filter>
    </ClInclude>
    <ClInclude Include="ImfEnvmapAttribute.h">
      <Filter>Header Files</Filter>
    </ClInclude>
    <ClInclude Include="ImfFloatAttribute.h">
      <Filter>Header Files</Filter>
    </ClInclude>
    <ClInclude Include="ImfFrameBuffer.h">
      <Filter>Header Files</Filter>
    </ClInclude>
    <ClInclude Include="ImfHeader.h">
      <Filter>Header Files</Filter>
    </ClInclude>
    <ClInclude Include="ImfHuf.h">
      <Filter>Header Files</Filter>
    </ClInclude>
    <ClInclude Include="ImfInputFile.h">
      <Filter>Header Files</Filter>
    </ClInclude>
    <ClInclude Include="ImfIntAttribute.h">
      <Filter>Header Files</Filter>
    </ClInclude>
    <ClInclude Include="ImfIO.h">
      <Filter>Header Files</Filter>
    </ClInclude>
    <ClInclude Include="ImfKeyCode.h">
      <Filter>Header Files</Filter>
    </ClInclude>
    <ClInclude Include="ImfKeyCodeAttribute.h">
      <Filter>Header Files</Filter>
    </ClInclude>
    <ClInclude Include="ImfLineOrder.h">
      <Filter>Header Files</Filter>
    </ClInclude>
    <ClInclude Include="ImfLineOrderAttribute.h">
      <Filter>Header Files</Filter>
    </ClInclude>
    <ClInclude Include="ImfLut.h">
      <Filter>Header Files</Filter>
    </ClInclude>
    <ClInclude Include="ImfMatrixAttribute.h">
      <Filter>Header Files</Filter>
    </ClInclude>
    <ClInclude Include="ImfMisc.h">
      <Filter>Header Files</Filter>
    </ClInclude>
    <ClInclude Include="ImfName.h">
      <Filter>Header Files</Filter>
    </ClInclude>
    <ClInclude Include="ImfOpaqueAttribute.h">
      <Filter>Header Files</Filter>
    </ClInclude>
    <ClInclude Include="ImfOutputFile.h">
      <Filter>Header Files</Filter>
    </ClInclude>
    <ClInclude Include="ImfPixelType.h">
      <Filter>Header Files</Filter>
    </ClInclude>
    <ClInclude Include="ImfPizCompressor.h">
      <Filter>Header Files</Filter>
    </ClInclude>
    <ClInclude Include="ImfPreviewImage.h">
      <Filter>Header Files</Filter>
    </ClInclude>
    <ClInclude Include="ImfPreviewImageAttribute.h">
      <Filter>Header Files</Filter>
    </ClInclude>
    <ClInclude Include="ImfPxr24Compressor.h">
      <Filter>Header Files</Filter>
    </ClInclude>
    <ClInclude Include="ImfRgbaFile.h">
      <Filter>Header Files</Filter>
    </ClInclude>
    <ClInclude Include="ImfRgbaYca.h">
      <Filter>Header Files</Filter>
    </ClInclude>
    <ClInclude Include="ImfRleCompressor.h">
      <Filter>Header Files</Filter>
    </ClInclude>
    <ClInclude Include="ImfScanLineInputFile.h">
      <Filter>Header Files</Filter>
    </ClInclude>
    <ClInclude Include="ImfStandardAttributes.h">
      <Filter>Header Files</Filter>
    </ClInclude>
    <ClInclude Include="ImfStdIO.h">
      <Filter>Header Files</Filter>
    </ClInclude>
    <ClInclude Include="ImfStringAttribute.h">
      <Filter>Header Files</Filter>
    </ClInclude>
    <ClInclude Include="ImfTestFile.h">
      <Filter>Header Files</Filter>
    </ClInclude>
    <ClInclude Include="ImfThreading.h">
      <Filter>Header Files</Filter>
    </ClInclude>
    <ClInclude Include="ImfTileDescription.h">
      <Filter>Header Files</Filter>
    </ClInclude>
    <ClInclude Include="ImfTileDescriptionAttribute.h">
      <Filter>Header Files</Filter>
    </ClInclude>
    <ClInclude Include="ImfTiledInputFile.h">
      <Filter>Header Files</Filter>
    </ClInclude>
    <ClInclude Include="ImfTiledMisc.h">
      <Filter>Header Files</Filter>
    </ClInclude>
    <ClInclude Include="ImfTiledOutputFile.h">
      <Filter>Header Files</Filter>
    </ClInclude>
    <ClInclude Include="ImfTiledRgbaFile.h">
      <Filter>Header Files</Filter>
    </ClInclude>
    <ClInclude Include="ImfTileOffsets.h">
      <Filter>Header Files</Filter>
    </ClInclude>
    <ClInclude Include="ImfTimeCode.h">
      <Filter>Header Files</Filter>
    </ClInclude>
    <ClInclude Include="ImfTimeCodeAttribute.h">
      <Filter>Header Files</Filter>
    </ClInclude>
    <ClInclude Include="ImfVecAttribute.h">
      <Filter>Header Files</Filter>
    </ClInclude>
    <ClInclude Include="ImfVersion.h">
      <Filter>Header Files</Filter>
    </ClInclude>
    <ClInclude Include="ImfWav.h">
      <Filter>Header Files</Filter>
    </ClInclude>
    <ClInclude Include="ImfXdr.h">
      <Filter>Header Files</Filter>
    </ClInclude>
    <ClInclude Include="ImfZipCompressor.h">
      <Filter>Header Files</Filter>
    </ClInclude>
  </ItemGroup>
</Project>