<?xml version="1.0" encoding="utf-8"?>
<Project ToolsVersion="4.0" xmlns="http://schemas.microsoft.com/developer/msbuild/2003">
  <ItemGroup>
    <Filter Include="Source Files">
      <UniqueIdentifier>{52B7E8C8-9F5F-4E80-89AE-F5BD1E4B9D80}</UniqueIdentifier>
      <Extensions>cpp;c;cc;cxx;def;odl;idl;hpj;bat;asm;asmx</Extensions>
    </Filter>
    <Filter Include="Header Files">
      <UniqueIdentifier>{EA4003FE-DA33-4B82-8B50-882DDC77E4CB}</UniqueIdentifier>
      <Extensions>h;hpp;hxx;hm;inl;inc;xsd</Extensions>
    </Filter>
    <Filter Include="Resource Files">
      <UniqueIdentifier>{B5AD488C-F0BC-48A4-BFCE-A8434B4606DF}</UniqueIdentifier>
      <Extensions>rc;ico;cur;bmp;dlg;rc2;rct;bin;rgs;gif;jpg;jpeg;jpe;resx;tiff;tif;png;wav;mfcribbon-ms</Extensions>
    </Filter>
  </ItemGroup>
  <ItemGroup>
    <ClCompile Include="subd_dice.cpp">
      <Filter>Source Files</Filter>
    </ClCompile>
    <ClCompile Include="subd_mesh.cpp">
      <Filter>Source Files</Filter>
    </ClCompile>
    <ClCompile Include="subd_patch.cpp">
      <Filter>Source Files</Filter>
    </ClCompile>
    <ClCompile Include="subd_split.cpp">
      <Filter>Source Files</Filter>
    </ClCompile>
  </ItemGroup>
  <ItemGroup>
    <ClInclude Include="subd_dice.h">
      <Filter>Header Files</Filter>
    </ClInclude>
    <ClInclude Include="subd_mesh.h">
      <Filter>Header Files</Filter>
    </ClInclude>
    <ClInclude Include="subd_patch.h">
      <Filter>Header Files</Filter>
    </ClInclude>
    <ClInclude Include="subd_split.h">
      <Filter>Header Files</Filter>
    </ClInclude>
  </ItemGroup>
</Project>