<?xml version="1.0" encoding="utf-8"?>
<Project ToolsVersion="4.0" xmlns="http://schemas.microsoft.com/developer/msbuild/2003">
  <ItemGroup>
    <Filter Include="Source Files">
      <UniqueIdentifier>{99e9aa1e-6130-495e-beac-31bd3b9b14ae}</UniqueIdentifier>
      <Extensions>cpp;c;cxx;rc;def;r;odl;idl;hpj;bat</Extensions>
    </Filter>
    <Filter Include="Header Files">
      <UniqueIdentifier>{519cbaad-5f52-4b99-bb6b-eb39f0bb5f94}</UniqueIdentifier>
      <Extensions>h;hpp;hxx;hm;inl</Extensions>
    </Filter>
  </ItemGroup>
  <ItemGroup>
    <ClCompile Include="IlmThreadMutexWin32.cpp">
      <Filter>Source Files</Filter>
    </ClCompile>
    <ClCompile Include="IlmThreadPool.cpp">
      <Filter>Source Files</Filter>
    </ClCompile>
    <ClCompile Include="IlmThreadSemaphoreWin32.cpp">
      <Filter>Source Files</Filter>
    </ClCompile>
    <ClCompile Include="IlmThreadWin32.cpp">
      <Filter>Source Files</Filter>
    </ClCompile>
  </ItemGroup>
  <ItemGroup>
    <ClInclude Include="IlmThread.h">
      <Filter>Header Files</Filter>
    </ClInclude>
    <ClInclude Include="IlmThreadMutex.h">
      <Filter>Header Files</Filter>
    </ClInclude>
    <ClInclude Include="IlmThreadPool.h">
      <Filter>Header Files</Filter>
    </ClInclude>
    <ClInclude Include="IlmThreadSemaphore.h">
      <Filter>Header Files</Filter>
    </ClInclude>
  </ItemGroup>
</Project>