<?xml version="1.0" encoding="utf-8"?>
<Project ToolsVersion="4.0" xmlns="http://schemas.microsoft.com/developer/msbuild/2003">
  <ItemGroup>
    <Filter Include="Source Files">
      <UniqueIdentifier>{4e97c682-3ce7-4f2e-85ae-3824a1b45941}</UniqueIdentifier>
      <Extensions>cpp;c;cxx;rc;def;r;odl;idl;hpj;bat</Extensions>
    </Filter>
    <Filter Include="Header Files">
      <UniqueIdentifier>{f0f2620c-c6fd-4ef1-a616-e66b40515b66}</UniqueIdentifier>
      <Extensions>h;hpp;hxx;hm;inl</Extensions>
    </Filter>
  </ItemGroup>
  <ItemGroup>
    <ClCompile Include="ImathColorAlgo.cpp">
      <Filter>Source Files</Filter>
    </ClCompile>
    <ClCompile Include="ImathFun.cpp">
      <Filter>Source Files</Filter>
    </ClCompile>
    <ClCompile Include="ImathMatrixAlgo.cpp">
      <Filter>Source Files</Filter>
    </ClCompile>
    <ClCompile Include="ImathVec.cpp">
      <Filter>Source Files</Filter>
    </ClCompile>
  </ItemGroup>
  <ItemGroup>
    <ClInclude Include="ImathBox.h">
      <Filter>Header Files</Filter>
    </ClInclude>
    <ClInclude Include="ImathBoxAlgo.h">
      <Filter>Header Files</Filter>
    </ClInclude>
    <ClInclude Include="ImathColor.h">
      <Filter>Header Files</Filter>
    </ClInclude>
    <ClInclude Include="ImathColorAlgo.h">
      <Filter>Header Files</Filter>
    </ClInclude>
    <ClInclude Include="ImathEuler.h">
      <Filter>Header Files</Filter>
    </ClInclude>
    <ClInclude Include="ImathExc.h">
      <Filter>Header Files</Filter>
    </ClInclude>
    <ClInclude Include="ImathFrame.h">
      <Filter>Header Files</Filter>
    </ClInclude>
    <ClInclude Include="ImathFrustum.h">
      <Filter>Header Files</Filter>
    </ClInclude>
    <ClInclude Include="ImathFun.h">
      <Filter>Header Files</Filter>
    </ClInclude>
    <ClInclude Include="ImathGL.h">
      <Filter>Header Files</Filter>
    </ClInclude>
    <ClInclude Include="ImathGLU.h">
      <Filter>Header Files</Filter>
    </ClInclude>
    <ClInclude Include="ImathHalfLimits.h">
      <Filter>Header Files</Filter>
    </ClInclude>
    <ClInclude Include="ImathInterval.h">
      <Filter>Header Files</Filter>
    </ClInclude>
    <ClInclude Include="ImathLimits.h">
      <Filter>Header Files</Filter>
    </ClInclude>
    <ClInclude Include="ImathLine.h">
      <Filter>Header Files</Filter>
    </ClInclude>
    <ClInclude Include="ImathLineAlgo.h">
      <Filter>Header Files</Filter>
    </ClInclude>
    <ClInclude Include="ImathMath.h">
      <Filter>Header Files</Filter>
    </ClInclude>
    <ClInclude Include="ImathMatrix.h">
      <Filter>Header Files</Filter>
    </ClInclude>
    <ClInclude Include="ImathMatrixAlgo.h">
      <Filter>Header Files</Filter>
    </ClInclude>
    <ClInclude Include="ImathPlane.h">
      <Filter>Header Files</Filter>
    </ClInclude>
    <ClInclude Include="ImathPlatform.h">
      <Filter>Header Files</Filter>
    </ClInclude>
    <ClInclude Include="ImathQuat.h">
      <Filter>Header Files</Filter>
    </ClInclude>
    <ClInclude Include="ImathRandom.h">
      <Filter>Header Files</Filter>
    </ClInclude>
    <ClInclude Include="ImathRoots.h">
      <Filter>Header Files</Filter>
    </ClInclude>
    <ClInclude Include="ImathShear.h">
      <Filter>Header Files</Filter>
    </ClInclude>
    <ClInclude Include="ImathSphere.h">
      <Filter>Header Files</Filter>
    </ClInclude>
    <ClInclude Include="ImathVec.h">
      <Filter>Header Files</Filter>
    </ClInclude>
    <ClInclude Include="ImathVecAlgo.h">
      <Filter>Header Files</Filter>
    </ClInclude>
  </ItemGroup>
</Project>