<?xml version="1.0" encoding="utf-8"?>
<Project ToolsVersion="4.0" xmlns="http://schemas.microsoft.com/developer/msbuild/2003">
  <ItemGroup>
    <Filter Include="Header Files">
      <UniqueIdentifier>{577cb051-c234-44f8-9855-a1e8fd31339f}</UniqueIdentifier>
    </Filter>
    <Filter Include="Source Files">
      <UniqueIdentifier>{afe70da4-892b-468c-baa2-bc53655807b4}</UniqueIdentifier>
    </Filter>
  </ItemGroup>
  <ItemGroup>
    <ClInclude Include="device.h">
      <Filter>Header Files</Filter>
    </ClInclude>
    <ClInclude Include="device_intern.h">
      <Filter>Header Files</Filter>
    </ClInclude>
    <ClInclude Include="device_memory.h">
      <Filter>Header Files</Filter>
    </ClInclude>
    <ClInclude Include="device_network.h">
      <Filter>Header Files</Filter>
    </ClInclude>
    <ClInclude Include="device_task.h">
      <Filter>Header Files</Filter>
    </ClInclude>
  </ItemGroup>
  <ItemGroup>
    <ClCompile Include="device.cpp">
      <Filter>Source Files</Filter>
    </ClCompile>
    <ClCompile Include="device_cpu.cpp">
      <Filter>Source Files</Filter>
    </ClCompile>
    <ClCompile Include="device_cuda.cpp">
      <Filter>Source Files</Filter>
    </ClCompile>
    <ClCompile Include="device_multi.cpp">
      <Filter>Source Files</Filter>
    </ClCompile>
    <ClCompile Include="device_network.cpp">
      <Filter>Source Files</Filter>
    </ClCompile>
    <ClCompile Include="device_opencl.cpp">
      <Filter>Source Files</Filter>
    </ClCompile>
    <ClCompile Include="device_task.cpp">
      <Filter>Source Files</Filter>
    </ClCompile>
  </ItemGroup>
</Project>